{
    "_meta": {
        "hash": {
            "sha256": "2364fb035945fcb2240e25516046e1b3872fb50773b0c050e1cdb5b86208ea1a"
        },
        "pipfile-spec": 6,
        "requires": {
            "python_version": "3.11"
        },
        "sources": [
            {
                "name": "pypi",
                "url": "https://pypi.org/simple",
                "verify_ssl": true
            }
        ]
    },
    "default": {
        "pyserial": {
            "hashes": [
                "sha256:3c77e014170dfffbd816e6ffc205e9842efb10be9f58ec16d3e8675b4925cddb",
                "sha256:c4451db6ba391ca6ca299fb3ec7bae67a5c55dde170964c7a14ceefec02f2cf0"
            ],
            "index": "pypi",
            "version": "==3.5"
        },
        "websocket-server": {
            "hashes": [
                "sha256:a8a02d575905e50f6af90bbbc37d23d7e1b027630897f0eeefed6a3fb3c22e07",
                "sha256:aca2d8f7569c82fe3e949cbae1f9d3f3035ae15f1d4048085431c94b7dfd35be"
            ],
            "index": "pypi",
            "markers": "python_version >= '3.6'",
            "version": "==0.6.4"
        }
    },
    "develop": {}
}
